// !$*UTF8*$!
{
	archiveVersion = 1;
	classes = {
	};
	objectVersion = 55;
	objects = {

/* Begin PBXBuildFile section */
		208AD8012A141E3A0037D113 /* DatabaseService.swift in Sources */ = {isa = PBXBuildFile; fileRef = 208AD8002A141E3A0037D113 /* DatabaseService.swift */; };
		208AD8032A14B8D20037D113 /* MainAssembly.swift in Sources */ = {isa = PBXBuildFile; fileRef = 208AD8022A14B8D20037D113 /* MainAssembly.swift */; };
		208AD8072A14BB9E0037D113 /* SearchViewController.swift in Sources */ = {isa = PBXBuildFile; fileRef = 208AD8062A14BB9E0037D113 /* SearchViewController.swift */; };
		208AD80A2A14BBBE0037D113 /* SearchAssembly.swift in Sources */ = {isa = PBXBuildFile; fileRef = 208AD8092A14BBBE0037D113 /* SearchAssembly.swift */; };
		208AD80D2A14BE8E0037D113 /* Alamofire in Frameworks */ = {isa = PBXBuildFile; productRef = 208AD80C2A14BE8E0037D113 /* Alamofire */; };
		208AD80F2A14C0BE0037D113 /* SearchResultCell.swift in Sources */ = {isa = PBXBuildFile; fileRef = 208AD80E2A14C0BE0037D113 /* SearchResultCell.swift */; };
		208AD8122A14D32F0037D113 /* SearchModel.swift in Sources */ = {isa = PBXBuildFile; fileRef = 208AD8112A14D32F0037D113 /* SearchModel.swift */; };
		208AD8142A14E9C90037D113 /* NetworkService.swift in Sources */ = {isa = PBXBuildFile; fileRef = 208AD8132A14E9C90037D113 /* NetworkService.swift */; };
		20C3F0672A13E23A000E3DC2 /* AppDelegate.swift in Sources */ = {isa = PBXBuildFile; fileRef = 20C3F0662A13E23A000E3DC2 /* AppDelegate.swift */; };
		20C3F0692A13E23A000E3DC2 /* SceneDelegate.swift in Sources */ = {isa = PBXBuildFile; fileRef = 20C3F0682A13E23A000E3DC2 /* SceneDelegate.swift */; };
		20C3F06B2A13E23A000E3DC2 /* MainViewController.swift in Sources */ = {isa = PBXBuildFile; fileRef = 20C3F06A2A13E23A000E3DC2 /* MainViewController.swift */; };
		20C3F0702A13E23B000E3DC2 /* Assets.xcassets in Resources */ = {isa = PBXBuildFile; fileRef = 20C3F06F2A13E23B000E3DC2 /* Assets.xcassets */; };
		20C3F0732A13E23B000E3DC2 /* LaunchScreen.storyboard in Resources */ = {isa = PBXBuildFile; fileRef = 20C3F0712A13E23B000E3DC2 /* LaunchScreen.storyboard */; };
		20C3F09E2A140634000E3DC2 /* ForecastCell.swift in Sources */ = {isa = PBXBuildFile; fileRef = 20C3F09D2A140634000E3DC2 /* ForecastCell.swift */; };
		20C3F0A02A1414D5000E3DC2 /* MainModel.swift in Sources */ = {isa = PBXBuildFile; fileRef = 20C3F09F2A1414D5000E3DC2 /* MainModel.swift */; };
/* End PBXBuildFile section */

/* Begin PBXFileReference section */
		208AD8002A141E3A0037D113 /* DatabaseService.swift */ = {isa = PBXFileReference; lastKnownFileType = sourcecode.swift; path = DatabaseService.swift; sourceTree = "<group>"; };
		208AD8022A14B8D20037D113 /* MainAssembly.swift */ = {isa = PBXFileReference; lastKnownFileType = sourcecode.swift; path = MainAssembly.swift; sourceTree = "<group>"; };
		208AD8062A14BB9E0037D113 /* SearchViewController.swift */ = {isa = PBXFileReference; lastKnownFileType = sourcecode.swift; path = SearchViewController.swift; sourceTree = "<group>"; };
		208AD8092A14BBBE0037D113 /* SearchAssembly.swift */ = {isa = PBXFileReference; lastKnownFileType = sourcecode.swift; path = SearchAssembly.swift; sourceTree = "<group>"; };
		208AD80E2A14C0BE0037D113 /* SearchResultCell.swift */ = {isa = PBXFileReference; lastKnownFileType = sourcecode.swift; path = SearchResultCell.swift; sourceTree = "<group>"; };
		208AD8112A14D32F0037D113 /* SearchModel.swift */ = {isa = PBXFileReference; lastKnownFileType = sourcecode.swift; path = SearchModel.swift; sourceTree = "<group>"; };
		208AD8132A14E9C90037D113 /* NetworkService.swift */ = {isa = PBXFileReference; lastKnownFileType = sourcecode.swift; path = NetworkService.swift; sourceTree = "<group>"; };
		20C3F0632A13E23A000E3DC2 /* WeatherApp.app */ = {isa = PBXFileReference; explicitFileType = wrapper.application; includeInIndex = 0; path = WeatherApp.app; sourceTree = BUILT_PRODUCTS_DIR; };
		20C3F0662A13E23A000E3DC2 /* AppDelegate.swift */ = {isa = PBXFileReference; lastKnownFileType = sourcecode.swift; path = AppDelegate.swift; sourceTree = "<group>"; };
		20C3F0682A13E23A000E3DC2 /* SceneDelegate.swift */ = {isa = PBXFileReference; lastKnownFileType = sourcecode.swift; path = SceneDelegate.swift; sourceTree = "<group>"; };
		20C3F06A2A13E23A000E3DC2 /* MainViewController.swift */ = {isa = PBXFileReference; lastKnownFileType = sourcecode.swift; path = MainViewController.swift; sourceTree = "<group>"; };
		20C3F06F2A13E23B000E3DC2 /* Assets.xcassets */ = {isa = PBXFileReference; lastKnownFileType = folder.assetcatalog; path = Assets.xcassets; sourceTree = "<group>"; };
		20C3F0722A13E23B000E3DC2 /* Base */ = {isa = PBXFileReference; lastKnownFileType = file.storyboard; name = Base; path = Base.lproj/LaunchScreen.storyboard; sourceTree = "<group>"; };
		20C3F0742A13E23B000E3DC2 /* Info.plist */ = {isa = PBXFileReference; lastKnownFileType = text.plist.xml; path = Info.plist; sourceTree = "<group>"; };
		20C3F09D2A140634000E3DC2 /* ForecastCell.swift */ = {isa = PBXFileReference; lastKnownFileType = sourcecode.swift; path = ForecastCell.swift; sourceTree = "<group>"; };
		20C3F09F2A1414D5000E3DC2 /* MainModel.swift */ = {isa = PBXFileReference; lastKnownFileType = sourcecode.swift; path = MainModel.swift; sourceTree = "<group>"; };
/* End PBXFileReference section */

/* Begin PBXFrameworksBuildPhase section */
		20C3F0602A13E23A000E3DC2 /* Frameworks */ = {
			isa = PBXFrameworksBuildPhase;
			buildActionMask = 2147483647;
			files = (
				208AD80D2A14BE8E0037D113 /* Alamofire in Frameworks */,
			);
			runOnlyForDeploymentPostprocessing = 0;
		};
/* End PBXFrameworksBuildPhase section */

/* Begin PBXGroup section */
		208AD7FD2A141DD60037D113 /* Service */ = {
			isa = PBXGroup;
			children = (
				208AD8002A141E3A0037D113 /* DatabaseService.swift */,
				208AD8132A14E9C90037D113 /* NetworkService.swift */,
			);
			path = Service;
			sourceTree = "<group>";
		};
		208AD8042A14BB6F0037D113 /* ViewController */ = {
			isa = PBXGroup;
			children = (
				208AD8062A14BB9E0037D113 /* SearchViewController.swift */,
				208AD80E2A14C0BE0037D113 /* SearchResultCell.swift */,
			);
			path = ViewController;
			sourceTree = "<group>";
		};
		208AD8052A14BB860037D113 /* Assembly */ = {
			isa = PBXGroup;
			children = (
				208AD8022A14B8D20037D113 /* MainAssembly.swift */,
			);
			path = Assembly;
			sourceTree = "<group>";
		};
		208AD8082A14BBB30037D113 /* Assembly */ = {
			isa = PBXGroup;
			children = (
				208AD8092A14BBBE0037D113 /* SearchAssembly.swift */,
			);
			path = Assembly;
			sourceTree = "<group>";
		};
		208AD8102A14D3230037D113 /* Model */ = {
			isa = PBXGroup;
			children = (
				208AD8112A14D32F0037D113 /* SearchModel.swift */,
			);
			path = Model;
			sourceTree = "<group>";
		};
		20C3F05A2A13E23A000E3DC2 = {
			isa = PBXGroup;
			children = (
				20C3F0652A13E23A000E3DC2 /* WeatherApp */,
				20C3F0642A13E23A000E3DC2 /* Products */,
			);
			sourceTree = "<group>";
		};
		20C3F0642A13E23A000E3DC2 /* Products */ = {
			isa = PBXGroup;
			children = (
				20C3F0632A13E23A000E3DC2 /* WeatherApp.app */,
			);
			name = Products;
			sourceTree = "<group>";
		};
		20C3F0652A13E23A000E3DC2 /* WeatherApp */ = {
			isa = PBXGroup;
			children = (
				20C3F0662A13E23A000E3DC2 /* AppDelegate.swift */,
				20C3F0682A13E23A000E3DC2 /* SceneDelegate.swift */,
				208AD7FD2A141DD60037D113 /* Service */,
				20C3F0962A13E387000E3DC2 /* MainModule */,
				20C3F0972A13E390000E3DC2 /* SearchModule */,
				20C3F06F2A13E23B000E3DC2 /* Assets.xcassets */,
				20C3F0712A13E23B000E3DC2 /* LaunchScreen.storyboard */,
				20C3F0742A13E23B000E3DC2 /* Info.plist */,
			);
			path = WeatherApp;
			sourceTree = "<group>";
		};
		20C3F0962A13E387000E3DC2 /* MainModule */ = {
			isa = PBXGroup;
			children = (
				20C3F0982A13EAC8000E3DC2 /* Model */,
				20C3F09A2A13EAE2000E3DC2 /* ViewController */,
				208AD8052A14BB860037D113 /* Assembly */,
			);
			path = MainModule;
			sourceTree = "<group>";
		};
		20C3F0972A13E390000E3DC2 /* SearchModule */ = {
			isa = PBXGroup;
			children = (
				208AD8102A14D3230037D113 /* Model */,
				208AD8042A14BB6F0037D113 /* ViewController */,
				208AD8082A14BBB30037D113 /* Assembly */,
			);
			path = SearchModule;
			sourceTree = "<group>";
		};
		20C3F0982A13EAC8000E3DC2 /* Model */ = {
			isa = PBXGroup;
			children = (
				20C3F09F2A1414D5000E3DC2 /* MainModel.swift */,
			);
			path = Model;
			sourceTree = "<group>";
		};
		20C3F09A2A13EAE2000E3DC2 /* ViewController */ = {
			isa = PBXGroup;
			children = (
				20C3F06A2A13E23A000E3DC2 /* MainViewController.swift */,
				20C3F09D2A140634000E3DC2 /* ForecastCell.swift */,
			);
			path = ViewController;
			sourceTree = "<group>";
		};
/* End PBXGroup section */

/* Begin PBXNativeTarget section */
		20C3F0622A13E23A000E3DC2 /* WeatherApp */ = {
			isa = PBXNativeTarget;
			buildConfigurationList = 20C3F08D2A13E23B000E3DC2 /* Build configuration list for PBXNativeTarget "WeatherApp" */;
			buildPhases = (
				20C3F05F2A13E23A000E3DC2 /* Sources */,
				20C3F0602A13E23A000E3DC2 /* Frameworks */,
				20C3F0612A13E23A000E3DC2 /* Resources */,
			);
			buildRules = (
			);
			dependencies = (
			);
			name = WeatherApp;
			packageProductDependencies = (
				208AD80C2A14BE8E0037D113 /* Alamofire */,
			);
			productName = WeatherApp;
			productReference = 20C3F0632A13E23A000E3DC2 /* WeatherApp.app */;
			productType = "com.apple.product-type.application";
		};
/* End PBXNativeTarget section */

/* Begin PBXProject section */
		20C3F05B2A13E23A000E3DC2 /* Project object */ = {
			isa = PBXProject;
			attributes = {
				BuildIndependentTargetsInParallel = 1;
				LastSwiftUpdateCheck = 1320;
				LastUpgradeCheck = 1320;
				TargetAttributes = {
					20C3F0622A13E23A000E3DC2 = {
						CreatedOnToolsVersion = 13.2;
					};
				};
			};
			buildConfigurationList = 20C3F05E2A13E23A000E3DC2 /* Build configuration list for PBXProject "WeatherApp" */;
			compatibilityVersion = "Xcode 13.0";
			developmentRegion = en;
			hasScannedForEncodings = 0;
			knownRegions = (
				en,
				Base,
			);
			mainGroup = 20C3F05A2A13E23A000E3DC2;
			packageReferences = (
				208AD80B2A14BE8E0037D113 /* XCRemoteSwiftPackageReference "Alamofire" */,
			);
			productRefGroup = 20C3F0642A13E23A000E3DC2 /* Products */;
			projectDirPath = "";
			projectRoot = "";
			targets = (
				20C3F0622A13E23A000E3DC2 /* WeatherApp */,
			);
		};
/* End PBXProject section */

/* Begin PBXResourcesBuildPhase section */
		20C3F0612A13E23A000E3DC2 /* Resources */ = {
			isa = PBXResourcesBuildPhase;
			buildActionMask = 2147483647;
			files = (
				20C3F0732A13E23B000E3DC2 /* LaunchScreen.storyboard in Resources */,
				20C3F0702A13E23B000E3DC2 /* Assets.xcassets in Resources */,
			);
			runOnlyForDeploymentPostprocessing = 0;
		};
/* End PBXResourcesBuildPhase section */

/* Begin PBXSourcesBuildPhase section */
		20C3F05F2A13E23A000E3DC2 /* Sources */ = {
			isa = PBXSourcesBuildPhase;
			buildActionMask = 2147483647;
			files = (
				20C3F09E2A140634000E3DC2 /* ForecastCell.swift in Sources */,
				20C3F06B2A13E23A000E3DC2 /* MainViewController.swift in Sources */,
				208AD8072A14BB9E0037D113 /* SearchViewController.swift in Sources */,
				208AD8032A14B8D20037D113 /* MainAssembly.swift in Sources */,
				208AD80F2A14C0BE0037D113 /* SearchResultCell.swift in Sources */,
				208AD80A2A14BBBE0037D113 /* SearchAssembly.swift in Sources */,
				208AD8122A14D32F0037D113 /* SearchModel.swift in Sources */,
				208AD8012A141E3A0037D113 /* DatabaseService.swift in Sources */,
				20C3F0672A13E23A000E3DC2 /* AppDelegate.swift in Sources */,
				20C3F0692A13E23A000E3DC2 /* SceneDelegate.swift in Sources */,
				208AD8142A14E9C90037D113 /* NetworkService.swift in Sources */,
				20C3F0A02A1414D5000E3DC2 /* MainModel.swift in Sources */,
			);
			runOnlyForDeploymentPostprocessing = 0;
		};
/* End PBXSourcesBuildPhase section */

/* Begin PBXVariantGroup section */
		20C3F0712A13E23B000E3DC2 /* LaunchScreen.storyboard */ = {
			isa = PBXVariantGroup;
			children = (
				20C3F0722A13E23B000E3DC2 /* Base */,
			);
			name = LaunchScreen.storyboard;
			sourceTree = "<group>";
		};
/* End PBXVariantGroup section */

/* Begin XCBuildConfiguration section */
		20C3F08B2A13E23B000E3DC2 /* Debug */ = {
			isa = XCBuildConfiguration;
			buildSettings = {
				ALWAYS_SEARCH_USER_PATHS = NO;
				CLANG_ANALYZER_NONNULL = YES;
				CLANG_ANALYZER_NUMBER_OBJECT_CONVERSION = YES_AGGRESSIVE;
				CLANG_CXX_LANGUAGE_STANDARD = "gnu++17";
				CLANG_CXX_LIBRARY = "libc++";
				CLANG_ENABLE_MODULES = YES;
				CLANG_ENABLE_OBJC_ARC = YES;
				CLANG_ENABLE_OBJC_WEAK = YES;
				CLANG_WARN_BLOCK_CAPTURE_AUTORELEASING = YES;
				CLANG_WARN_BOOL_CONVERSION = YES;
				CLANG_WARN_COMMA = YES;
				CLANG_WARN_CONSTANT_CONVERSION = YES;
				CLANG_WARN_DEPRECATED_OBJC_IMPLEMENTATIONS = YES;
				CLANG_WARN_DIRECT_OBJC_ISA_USAGE = YES_ERROR;
				CLANG_WARN_DOCUMENTATION_COMMENTS = YES;
				CLANG_WARN_EMPTY_BODY = YES;
				CLANG_WARN_ENUM_CONVERSION = YES;
				CLANG_WARN_INFINITE_RECURSION = YES;
				CLANG_WARN_INT_CONVERSION = YES;
				CLANG_WARN_NON_LITERAL_NULL_CONVERSION = YES;
				CLANG_WARN_OBJC_IMPLICIT_RETAIN_SELF = YES;
				CLANG_WARN_OBJC_LITERAL_CONVERSION = YES;
				CLANG_WARN_OBJC_ROOT_CLASS = YES_ERROR;
				CLANG_WARN_QUOTED_INCLUDE_IN_FRAMEWORK_HEADER = YES;
				CLANG_WARN_RANGE_LOOP_ANALYSIS = YES;
				CLANG_WARN_STRICT_PROTOTYPES = YES;
				CLANG_WARN_SUSPICIOUS_MOVE = YES;
				CLANG_WARN_UNGUARDED_AVAILABILITY = YES_AGGRESSIVE;
				CLANG_WARN_UNREACHABLE_CODE = YES;
				CLANG_WARN__DUPLICATE_METHOD_MATCH = YES;
				COPY_PHASE_STRIP = NO;
				DEBUG_INFORMATION_FORMAT = dwarf;
				ENABLE_STRICT_OBJC_MSGSEND = YES;
				ENABLE_TESTABILITY = YES;
				GCC_C_LANGUAGE_STANDARD = gnu11;
				GCC_DYNAMIC_NO_PIC = NO;
				GCC_NO_COMMON_BLOCKS = YES;
				GCC_OPTIMIZATION_LEVEL = 0;
				GCC_PREPROCESSOR_DEFINITIONS = (
					"DEBUG=1",
					"$(inherited)",
				);
				GCC_WARN_64_TO_32_BIT_CONVERSION = YES;
				GCC_WARN_ABOUT_RETURN_TYPE = YES_ERROR;
				GCC_WARN_UNDECLARED_SELECTOR = YES;
				GCC_WARN_UNINITIALIZED_AUTOS = YES_AGGRESSIVE;
				GCC_WARN_UNUSED_FUNCTION = YES;
				GCC_WARN_UNUSED_VARIABLE = YES;
				IPHONEOS_DEPLOYMENT_TARGET = 15.2;
				MTL_ENABLE_DEBUG_INFO = INCLUDE_SOURCE;
				MTL_FAST_MATH = YES;
				ONLY_ACTIVE_ARCH = YES;
				SDKROOT = iphoneos;
				SWIFT_ACTIVE_COMPILATION_CONDITIONS = DEBUG;
				SWIFT_OPTIMIZATION_LEVEL = "-Onone";
			};
			name = Debug;
		};
		20C3F08C2A13E23B000E3DC2 /* Release */ = {
			isa = XCBuildConfiguration;
			buildSettings = {
				ALWAYS_SEARCH_USER_PATHS = NO;
				CLANG_ANALYZER_NONNULL = YES;
				CLANG_ANALYZER_NUMBER_OBJECT_CONVERSION = YES_AGGRESSIVE;
				CLANG_CXX_LANGUAGE_STANDARD = "gnu++17";
				CLANG_CXX_LIBRARY = "libc++";
				CLANG_ENABLE_MODULES = YES;
				CLANG_ENABLE_OBJC_ARC = YES;
				CLANG_ENABLE_OBJC_WEAK = YES;
				CLANG_WARN_BLOCK_CAPTURE_AUTORELEASING = YES;
				CLANG_WARN_BOOL_CONVERSION = YES;
				CLANG_WARN_COMMA = YES;
				CLANG_WARN_CONSTANT_CONVERSION = YES;
				CLANG_WARN_DEPRECATED_OBJC_IMPLEMENTATIONS = YES;
				CLANG_WARN_DIRECT_OBJC_ISA_USAGE = YES_ERROR;
				CLANG_WARN_DOCUMENTATION_COMMENTS = YES;
				CLANG_WARN_EMPTY_BODY = YES;
				CLANG_WARN_ENUM_CONVERSION = YES;
				CLANG_WARN_INFINITE_RECURSION = YES;
				CLANG_WARN_INT_CONVERSION = YES;
				CLANG_WARN_NON_LITERAL_NULL_CONVERSION = YES;
				CLANG_WARN_OBJC_IMPLICIT_RETAIN_SELF = YES;
				CLANG_WARN_OBJC_LITERAL_CONVERSION = YES;
				CLANG_WARN_OBJC_ROOT_CLASS = YES_ERROR;
				CLANG_WARN_QUOTED_INCLUDE_IN_FRAMEWORK_HEADER = YES;
				CLANG_WARN_RANGE_LOOP_ANALYSIS = YES;
				CLANG_WARN_STRICT_PROTOTYPES = YES;
				CLANG_WARN_SUSPICIOUS_MOVE = YES;
				CLANG_WARN_UNGUARDED_AVAILABILITY = YES_AGGRESSIVE;
				CLANG_WARN_UNREACHABLE_CODE = YES;
				CLANG_WARN__DUPLICATE_METHOD_MATCH = YES;
				COPY_PHASE_STRIP = NO;
				DEBUG_INFORMATION_FORMAT = "dwarf-with-dsym";
				ENABLE_NS_ASSERTIONS = NO;
				ENABLE_STRICT_OBJC_MSGSEND = YES;
				GCC_C_LANGUAGE_STANDARD = gnu11;
				GCC_NO_COMMON_BLOCKS = YES;
				GCC_WARN_64_TO_32_BIT_CONVERSION = YES;
				GCC_WARN_ABOUT_RETURN_TYPE = YES_ERROR;
				GCC_WARN_UNDECLARED_SELECTOR = YES;
				GCC_WARN_UNINITIALIZED_AUTOS = YES_AGGRESSIVE;
				GCC_WARN_UNUSED_FUNCTION = YES;
				GCC_WARN_UNUSED_VARIABLE = YES;
				IPHONEOS_DEPLOYMENT_TARGET = 15.2;
				MTL_ENABLE_DEBUG_INFO = NO;
				MTL_FAST_MATH = YES;
				SDKROOT = iphoneos;
				SWIFT_COMPILATION_MODE = wholemodule;
				SWIFT_OPTIMIZATION_LEVEL = "-O";
				VALIDATE_PRODUCT = YES;
			};
			name = Release;
		};
		20C3F08E2A13E23B000E3DC2 /* Debug */ = {
			isa = XCBuildConfiguration;
			buildSettings = {
				ASSETCATALOG_COMPILER_APPICON_NAME = AppIcon;
				ASSETCATALOG_COMPILER_GLOBAL_ACCENT_COLOR_NAME = AccentColor;
				CODE_SIGN_STYLE = Automatic;
				CURRENT_PROJECT_VERSION = 1;
				DEVELOPMENT_TEAM = 9UNZFKWJF8;
				GENERATE_INFOPLIST_FILE = YES;
				INFOPLIST_FILE = WeatherApp/Info.plist;
				INFOPLIST_KEY_UIApplicationSupportsIndirectInputEvents = YES;
				INFOPLIST_KEY_UILaunchStoryboardName = LaunchScreen;
				INFOPLIST_KEY_UIMainStoryboardFile = LaunchScreen;
				INFOPLIST_KEY_UISupportedInterfaceOrientations_iPad = "UIInterfaceOrientationPortrait UIInterfaceOrientationPortraitUpsideDown UIInterfaceOrientationLandscapeLeft UIInterfaceOrientationLandscapeRight";
				INFOPLIST_KEY_UISupportedInterfaceOrientations_iPhone = "UIInterfaceOrientationPortrait UIInterfaceOrientationLandscapeLeft UIInterfaceOrientationLandscapeRight";
				LD_RUNPATH_SEARCH_PATHS = (
					"$(inherited)",
					"@executable_path/Frameworks",
				);
				MARKETING_VERSION = 1.0;
				PRODUCT_BUNDLE_IDENTIFIER = meowowoem.WeatherApp;
				PRODUCT_NAME = "$(TARGET_NAME)";
				SWIFT_EMIT_LOC_STRINGS = YES;
				SWIFT_VERSION = 5.0;
				TARGETED_DEVICE_FAMILY = "1,2";
			};
			name = Debug;
		};
		20C3F08F2A13E23B000E3DC2 /* Release */ = {
			isa = XCBuildConfiguration;
			buildSettings = {
				ASSETCATALOG_COMPILER_APPICON_NAME = AppIcon;
				ASSETCATALOG_COMPILER_GLOBAL_ACCENT_COLOR_NAME = AccentColor;
				CODE_SIGN_STYLE = Automatic;
				CURRENT_PROJECT_VERSION = 1;
				DEVELOPMENT_TEAM = 9UNZFKWJF8;
				GENERATE_INFOPLIST_FILE = YES;
				INFOPLIST_FILE = WeatherApp/Info.plist;
				INFOPLIST_KEY_UIApplicationSupportsIndirectInputEvents = YES;
				INFOPLIST_KEY_UILaunchStoryboardName = LaunchScreen;
				INFOPLIST_KEY_UIMainStoryboardFile = LaunchScreen;
				INFOPLIST_KEY_UISupportedInterfaceOrientations_iPad = "UIInterfaceOrientationPortrait UIInterfaceOrientationPortraitUpsideDown UIInterfaceOrientationLandscapeLeft UIInterfaceOrientationLandscapeRight";
				INFOPLIST_KEY_UISupportedInterfaceOrientations_iPhone = "UIInterfaceOrientationPortrait UIInterfaceOrientationLandscapeLeft UIInterfaceOrientationLandscapeRight";
				LD_RUNPATH_SEARCH_PATHS = (
					"$(inherited)",
					"@executable_path/Frameworks",
				);
				MARKETING_VERSION = 1.0;
				PRODUCT_BUNDLE_IDENTIFIER = meowowoem.WeatherApp;
				PRODUCT_NAME = "$(TARGET_NAME)";
				SWIFT_EMIT_LOC_STRINGS = YES;
				SWIFT_VERSION = 5.0;
				TARGETED_DEVICE_FAMILY = "1,2";
			};
			name = Release;
		};
/* End XCBuildConfiguration section */

/* Begin XCConfigurationList section */
		20C3F05E2A13E23A000E3DC2 /* Build configuration list for PBXProject "WeatherApp" */ = {
			isa = XCConfigurationList;
			buildConfigurations = (
				20C3F08B2A13E23B000E3DC2 /* Debug */,
				20C3F08C2A13E23B000E3DC2 /* Release */,
			);
			defaultConfigurationIsVisible = 0;
			defaultConfigurationName = Release;
		};
		20C3F08D2A13E23B000E3DC2 /* Build configuration list for PBXNativeTarget "WeatherApp" */ = {
			isa = XCConfigurationList;
			buildConfigurations = (
				20C3F08E2A13E23B000E3DC2 /* Debug */,
				20C3F08F2A13E23B000E3DC2 /* Release */,
			);
			defaultConfigurationIsVisible = 0;
			defaultConfigurationName = Release;
		};
/* End XCConfigurationList section */

/* Begin XCRemoteSwiftPackageReference section */
		208AD80B2A14BE8E0037D113 /* XCRemoteSwiftPackageReference "Alamofire" */ = {
			isa = XCRemoteSwiftPackageReference;
			repositoryURL = "https://github.com/Alamofire/Alamofire.git";
			requirement = {
				kind = upToNextMajorVersion;
				minimumVersion = 5.0.0;
			};
		};
/* End XCRemoteSwiftPackageReference section */

/* Begin XCSwiftPackageProductDependency section */
		208AD80C2A14BE8E0037D113 /* Alamofire */ = {
			isa = XCSwiftPackageProductDependency;
			package = 208AD80B2A14BE8E0037D113 /* XCRemoteSwiftPackageReference "Alamofire" */;
			productName = Alamofire;
		};
/* End XCSwiftPackageProductDependency section */
	};
	rootObject = 20C3F05B2A13E23A000E3DC2 /* Project object */;
}
